<?xml version="1.0" encoding="utf-8"?>
<Project ToolsVersion="4.0" xmlns="http://schemas.microsoft.com/developer/msbuild/2003">
  <ItemGroup>
    <Filter Include="Source Files">
      <UniqueIdentifier>{4FC737F1-C7A5-4376-A066-2A32D752A2FF}</UniqueIdentifier>
      <Extensions>cpp;c;cc;cxx;def;odl;idl;hpj;bat;asm;asmx</Extensions>
    </Filter>
    <Filter Include="Header Files">
      <UniqueIdentifier>{93995380-89BD-4b04-88EB-625FBE52EBFB}</UniqueIdentifier>
      <Extensions>h;hpp;hxx;hm;inl;inc;xsd</Extensions>
    </Filter>
    <Filter Include="Resource Files">
      <UniqueIdentifier>{67DA6AB6-F800-4c08-8B7A-83BB121AAD01}</UniqueIdentifier>
      <Extensions>rc;ico;cur;bmp;dlg;rc2;rct;bin;rgs;gif;jpg;jpeg;jpe;resx;tiff;tif;png;wav;mfcribbon-ms</Extensions>
    </Filter>
  </ItemGroup>
  <ItemGroup>
    <None Include="ReadMe.txt" />
    <None Include="world.txt" />
    <None Include="office.txt" />
  </ItemGroup>
  <ItemGroup>
    <ClInclude Include="stdafx.h">
      <Filter>Header Files</Filter>
    </ClInclude>
    <ClInclude Include="targetver.h">
      <Filter>Header Files</Filter>
    </ClInclude>
    <ClInclude Include="Pet.h">
      <Filter>Header Files</Filter>
    </ClInclude>
    <ClInclude Include="FirstCPPApplication.h">
      <Filter>Header Files</Filter>
    </ClInclude>
    <ClInclude Include="Person.h">
      <Filter>Header Files</Filter>
    </ClInclude>
    <ClInclude Include="utils.h">
      <Filter>Header Files</Filter>
    </ClInclude>
    <ClInclude Include="world.h">
      <Filter>Header Files</Filter>
    </ClInclude>
    <ClInclude Include="game.h">
      <Filter>Header Files</Filter>
    </ClInclude>
    <ClInclude Include="include\bresenham.h">
      <Filter>Resource Files</Filter>
    </ClInclude>
    <ClInclude Include="include\bresenham.hpp">
      <Filter>Resource Files</Filter>
    </ClInclude>
    <ClInclude Include="include\bsp.h">
      <Filter>Resource Files</Filter>
    </ClInclude>
    <ClInclude Include="include\bsp.hpp">
      <Filter>Resource Files</Filter>
    </ClInclude>
    <ClInclude Include="include\color.h">
      <Filter>Resource Files</Filter>
    </ClInclude>
    <ClInclude Include="include\color.hpp">
      <Filter>Resource Files</Filter>
    </ClInclude>
    <ClInclude Include="include\console.h">
      <Filter>Resource Files</Filter>
    </ClInclude>
    <ClInclude Include="include\console.hpp">
      <Filter>Resource Files</Filter>
    </ClInclude>
    <ClInclude Include="include\console_types.h">
      <Filter>Resource Files</Filter>
    </ClInclude>
    <ClInclude Include="include\fov.h">
      <Filter>Resource Files</Filter>
    </ClInclude>
    <ClInclude Include="include\fov.hpp">
      <Filter>Resource Files</Filter>
    </ClInclude>
    <ClInclude Include="include\fov_types.h">
      <Filter>Resource Files</Filter>
    </ClInclude>
    <ClInclude Include="include\gui\button.hpp">
      <Filter>Resource Files</Filter>
    </ClInclude>
    <ClInclude Include="include\gui\container.hpp">
      <Filter>Resource Files</Filter>
    </ClInclude>
    <ClInclude Include="include\gui\flatlist.hpp">
      <Filter>Resource Files</Filter>
    </ClInclude>
    <ClInclude Include="include\gui\gui.hpp">
      <Filter>Resource Files</Filter>
    </ClInclude>
    <ClInclude Include="include\gui\hbox.hpp">
      <Filter>Resource Files</Filter>
    </ClInclude>
    <ClInclude Include="include\gui\image.hpp">
      <Filter>Resource Files</Filter>
    </ClInclude>
    <ClInclude Include="include\gui\label.hpp">
      <Filter>Resource Files</Filter>
    </ClInclude>
    <ClInclude Include="include\gui\radiobutton.hpp">
      <Filter>Resource Files</Filter>
    </ClInclude>
    <ClInclude Include="include\gui\slider.hpp">
      <Filter>Resource Files</Filter>
    </ClInclude>
    <ClInclude Include="include\gui\statusbar.hpp">
      <Filter>Resource Files</Filter>
    </ClInclude>
    <ClInclude Include="include\gui\textbox.hpp">
      <Filter>Resource Files</Filter>
    </ClInclude>
    <ClInclude Include="include\gui\togglebutton.hpp">
      <Filter>Resource Files</Filter>
    </ClInclude>
    <ClInclude Include="include\gui\toolbar.hpp">
      <Filter>Resource Files</Filter>
    </ClInclude>
    <ClInclude Include="include\gui\vbox.hpp">
      <Filter>Resource Files</Filter>
    </ClInclude>
    <ClInclude Include="include\gui\widget.hpp">
      <Filter>Resource Files</Filter>
    </ClInclude>
    <ClInclude Include="include\heightmap.h">
      <Filter>Resource Files</Filter>
    </ClInclude>
    <ClInclude Include="include\heightmap.hpp">
      <Filter>Resource Files</Filter>
    </ClInclude>
    <ClInclude Include="include\image.h">
      <Filter>Resource Files</Filter>
    </ClInclude>
    <ClInclude Include="include\image.hpp">
      <Filter>Resource Files</Filter>
    </ClInclude>
    <ClInclude Include="include\lex.h">
      <Filter>Resource Files</Filter>
    </ClInclude>
    <ClInclude Include="include\lex.hpp">
      <Filter>Resource Files</Filter>
    </ClInclude>
    <ClInclude Include="include\libtcod.h">
      <Filter>Resource Files</Filter>
    </ClInclude>
    <ClInclude Include="include\libtcod.hpp">
      <Filter>Resource Files</Filter>
    </ClInclude>
    <ClInclude Include="include\libtcod_int.h">
      <Filter>Resource Files</Filter>
    </ClInclude>
    <ClInclude Include="include\list.h">
      <Filter>Resource Files</Filter>
    </ClInclude>
    <ClInclude Include="include\list.hpp">
      <Filter>Resource Files</Filter>
    </ClInclude>
    <ClInclude Include="include\mersenne.h">
      <Filter>Resource Files</Filter>
    </ClInclude>
    <ClInclude Include="include\mersenne.hpp">
      <Filter>Resource Files</Filter>
    </ClInclude>
    <ClInclude Include="include\mersenne_types.h">
      <Filter>Resource Files</Filter>
    </ClInclude>
    <ClInclude Include="include\mouse.h">
      <Filter>Resource Files</Filter>
    </ClInclude>
    <ClInclude Include="include\mouse.hpp">
      <Filter>Resource Files</Filter>
    </ClInclude>
    <ClInclude Include="include\mouse_types.h">
      <Filter>Resource Files</Filter>
    </ClInclude>
    <ClInclude Include="include\namegen.h">
      <Filter>Resource Files</Filter>
    </ClInclude>
    <ClInclude Include="include\namegen.hpp">
      <Filter>Resource Files</Filter>
    </ClInclude>
    <ClInclude Include="include\noise.h">
      <Filter>Resource Files</Filter>
    </ClInclude>
    <ClInclude Include="include\noise.hpp">
      <Filter>Resource Files</Filter>
    </ClInclude>
    <ClInclude Include="include\noise_defaults.h">
      <Filter>Resource Files</Filter>
    </ClInclude>
    <ClInclude Include="include\parser.h">
      <Filter>Resource Files</Filter>
    </ClInclude>
    <ClInclude Include="include\parser.hpp">
      <Filter>Resource Files</Filter>
    </ClInclude>
    <ClInclude Include="include\path.h">
      <Filter>Resource Files</Filter>
    </ClInclude>
    <ClInclude Include="include\path.hpp">
      <Filter>Resource Files</Filter>
    </ClInclude>
    <ClInclude Include="include\sys.h">
      <Filter>Resource Files</Filter>
    </ClInclude>
    <ClInclude Include="include\sys.hpp">
      <Filter>Resource Files</Filter>
    </ClInclude>
    <ClInclude Include="include\tree.h">
      <Filter>Resource Files</Filter>
    </ClInclude>
    <ClInclude Include="include\tree.hpp">
      <Filter>Resource Files</Filter>
    </ClInclude>
    <ClInclude Include="include\txtfield.h">
      <Filter>Resource Files</Filter>
    </ClInclude>
    <ClInclude Include="include\txtfield.hpp">
      <Filter>Resource Files</Filter>
    </ClInclude>
    <ClInclude Include="include\wrappers.h">
      <Filter>Resource Files</Filter>
    </ClInclude>
    <ClInclude Include="include\zip.h">
      <Filter>Resource Files</Filter>
    </ClInclude>
    <ClInclude Include="include\zip.hpp">
      <Filter>Resource Files</Filter>
    </ClInclude>
    <ClInclude Include="object.h">
      <Filter>Header Files</Filter>
    </ClInclude>
    <ClInclude Include="actor.h">
      <Filter>Header Files</Filter>
    </ClInclude>
    <ClInclude Include="item.h">
      <Filter>Header Files</Filter>
    </ClInclude>
    <ClInclude Include="tile.h">
      <Filter>Header Files</Filter>
    </ClInclude>
    <ClInclude Include="Representation.h">
      <Filter>Header Files</Filter>
    </ClInclude>
    <ClInclude Include="thinker.h">
      <Filter>Header Files</Filter>
    </ClInclude>
  </ItemGroup>
  <ItemGroup>
    <ClCompile Include="stdafx.cpp">
      <Filter>Source Files</Filter>
    </ClCompile>
    <ClCompile Include="FirstCPPApplication.cpp">
      <Filter>Source Files</Filter>
    </ClCompile>
    <ClCompile Include="Pet.cpp">
      <Filter>Source Files</Filter>
    </ClCompile>
    <ClCompile Include="Person.cpp">
      <Filter>Source Files</Filter>
    </ClCompile>
    <ClCompile Include="utils.cpp">
      <Filter>Source Files</Filter>
    </ClCompile>
    <ClCompile Include="world.cpp">
      <Filter>Source Files</Filter>
    </ClCompile>
    <ClCompile Include="game.cpp">
      <Filter>Source Files</Filter>
    </ClCompile>
    <ClCompile Include="thinker.cpp">
      <Filter>Source Files</Filter>
    </ClCompile>
  </ItemGroup>
</Project>