<?xml version="1.0" encoding="utf-8"?>
<Project ToolsVersion="4.0" xmlns="http://schemas.microsoft.com/developer/msbuild/2003">
  <ItemGroup>
    <Filter Include="Source Files">
      <UniqueIdentifier>{4FC737F1-C7A5-4376-A066-2A32D752A2FF}</UniqueIdentifier>
      <Extensions>cpp;c;cc;cxx;def;odl;idl;hpj;bat;asm;asmx</Extensions>
    </Filter>
    <Filter Include="Header Files">
      <UniqueIdentifier>{93995380-89BD-4b04-88EB-625FBE52EBFB}</UniqueIdentifier>
      <Extensions>h;hpp;hxx;hm;inl;inc;xsd</Extensions>
    </Filter>
    <Filter Include="Resource Files">
      <UniqueIdentifier>{67DA6AB6-F800-4c08-8B7A-83BB121AAD01}</UniqueIdentifier>
      <Extensions>rc;ico;cur;bmp;dlg;rc2;rct;bin;rgs;gif;jpg;jpeg;jpe;resx;tiff;tif;png;wav;mfcribbon-ms</Extensions>
    </Filter>
    <Filter Include="Resource Files\libtcod">
      <UniqueIdentifier>{50707b0a-d39c-4a7d-9c7a-f0fe3ec29b89}</UniqueIdentifier>
    </Filter>
    <Filter Include="Source Files\Enemies">
      <UniqueIdentifier>{13f1fc9e-787d-4d87-9825-4b87c8ffa04c}</UniqueIdentifier>
    </Filter>
    <Filter Include="Header Files\Enemies">
      <UniqueIdentifier>{0df4149e-4c28-4fde-b250-5b33d1e4751b}</UniqueIdentifier>
    </Filter>
    <Filter Include="Source Files\Actors">
      <UniqueIdentifier>{82bf1ca1-0e52-4b51-991d-69e393d1b147}</UniqueIdentifier>
    </Filter>
    <Filter Include="Header Files\Actors">
      <UniqueIdentifier>{e53e244a-03fa-4f38-a4c8-7b27a837acb5}</UniqueIdentifier>
    </Filter>
    <Filter Include="Header Files\Enums">
      <UniqueIdentifier>{1f2357a4-bb66-4fd1-89fb-91b1d7bf9807}</UniqueIdentifier>
    </Filter>
  </ItemGroup>
  <ItemGroup>
    <None Include="ReadMe.txt" />
    <None Include="world.txt" />
    <None Include="office.txt" />
    <None Include="libtcod_cpp_hpp\libtcod-VS.dll">
      <Filter>Resource Files\libtcod</Filter>
    </None>
    <None Include="libtcod_cpp_hpp\terminal.png">
      <Filter>Resource Files\libtcod</Filter>
    </None>
  </ItemGroup>
  <ItemGroup>
    <ClInclude Include="stdafx.h">
      <Filter>Header Files</Filter>
    </ClInclude>
    <ClInclude Include="targetver.h">
      <Filter>Header Files</Filter>
    </ClInclude>
    <ClInclude Include="FirstCPPApplication.h">
      <Filter>Header Files</Filter>
    </ClInclude>
    <ClInclude Include="utils.h">
      <Filter>Header Files</Filter>
    </ClInclude>
    <ClInclude Include="game.h">
      <Filter>Header Files</Filter>
    </ClInclude>
    <ClInclude Include="object.h">
      <Filter>Header Files</Filter>
    </ClInclude>
    <ClInclude Include="item.h">
      <Filter>Header Files</Filter>
    </ClInclude>
    <ClInclude Include="tile.h">
      <Filter>Header Files</Filter>
    </ClInclude>
    <ClInclude Include="Representation.h">
      <Filter>Header Files</Filter>
    </ClInclude>
    <ClInclude Include="thinker.h">
      <Filter>Header Files</Filter>
    </ClInclude>
    <ClInclude Include="libtcod_cpp_hpp\bresenham.h">
      <Filter>Resource Files\libtcod</Filter>
    </ClInclude>
    <ClInclude Include="libtcod_cpp_hpp\bresenham.hpp">
      <Filter>Resource Files\libtcod</Filter>
    </ClInclude>
    <ClInclude Include="libtcod_cpp_hpp\bsp.h">
      <Filter>Resource Files\libtcod</Filter>
    </ClInclude>
    <ClInclude Include="libtcod_cpp_hpp\bsp.hpp">
      <Filter>Resource Files\libtcod</Filter>
    </ClInclude>
    <ClInclude Include="libtcod_cpp_hpp\color.h">
      <Filter>Resource Files\libtcod</Filter>
    </ClInclude>
    <ClInclude Include="libtcod_cpp_hpp\color.hpp">
      <Filter>Resource Files\libtcod</Filter>
    </ClInclude>
    <ClInclude Include="libtcod_cpp_hpp\console.h">
      <Filter>Resource Files\libtcod</Filter>
    </ClInclude>
    <ClInclude Include="libtcod_cpp_hpp\console.hpp">
      <Filter>Resource Files\libtcod</Filter>
    </ClInclude>
    <ClInclude Include="libtcod_cpp_hpp\console_types.h">
      <Filter>Resource Files\libtcod</Filter>
    </ClInclude>
    <ClInclude Include="libtcod_cpp_hpp\fov.h">
      <Filter>Resource Files\libtcod</Filter>
    </ClInclude>
    <ClInclude Include="libtcod_cpp_hpp\fov.hpp">
      <Filter>Resource Files\libtcod</Filter>
    </ClInclude>
    <ClInclude Include="libtcod_cpp_hpp\fov_types.h">
      <Filter>Resource Files\libtcod</Filter>
    </ClInclude>
    <ClInclude Include="libtcod_cpp_hpp\heightmap.h">
      <Filter>Resource Files\libtcod</Filter>
    </ClInclude>
    <ClInclude Include="libtcod_cpp_hpp\heightmap.hpp">
      <Filter>Resource Files\libtcod</Filter>
    </ClInclude>
    <ClInclude Include="libtcod_cpp_hpp\image.h">
      <Filter>Resource Files\libtcod</Filter>
    </ClInclude>
    <ClInclude Include="libtcod_cpp_hpp\image.hpp">
      <Filter>Resource Files\libtcod</Filter>
    </ClInclude>
    <ClInclude Include="libtcod_cpp_hpp\lex.h">
      <Filter>Resource Files\libtcod</Filter>
    </ClInclude>
    <ClInclude Include="libtcod_cpp_hpp\lex.hpp">
      <Filter>Resource Files\libtcod</Filter>
    </ClInclude>
    <ClInclude Include="libtcod_cpp_hpp\libtcod.h">
      <Filter>Resource Files\libtcod</Filter>
    </ClInclude>
    <ClInclude Include="libtcod_cpp_hpp\libtcod.hpp">
      <Filter>Resource Files\libtcod</Filter>
    </ClInclude>
    <ClInclude Include="libtcod_cpp_hpp\libtcod_int.h">
      <Filter>Resource Files\libtcod</Filter>
    </ClInclude>
    <ClInclude Include="libtcod_cpp_hpp\list.h">
      <Filter>Resource Files\libtcod</Filter>
    </ClInclude>
    <ClInclude Include="libtcod_cpp_hpp\list.hpp">
      <Filter>Resource Files\libtcod</Filter>
    </ClInclude>
    <ClInclude Include="libtcod_cpp_hpp\mersenne.h">
      <Filter>Resource Files\libtcod</Filter>
    </ClInclude>
    <ClInclude Include="libtcod_cpp_hpp\mersenne.hpp">
      <Filter>Resource Files\libtcod</Filter>
    </ClInclude>
    <ClInclude Include="libtcod_cpp_hpp\mersenne_types.h">
      <Filter>Resource Files\libtcod</Filter>
    </ClInclude>
    <ClInclude Include="libtcod_cpp_hpp\mouse.h">
      <Filter>Resource Files\libtcod</Filter>
    </ClInclude>
    <ClInclude Include="libtcod_cpp_hpp\mouse.hpp">
      <Filter>Resource Files\libtcod</Filter>
    </ClInclude>
    <ClInclude Include="libtcod_cpp_hpp\mouse_types.h">
      <Filter>Resource Files\libtcod</Filter>
    </ClInclude>
    <ClInclude Include="libtcod_cpp_hpp\namegen.h">
      <Filter>Resource Files\libtcod</Filter>
    </ClInclude>
    <ClInclude Include="libtcod_cpp_hpp\namegen.hpp">
      <Filter>Resource Files\libtcod</Filter>
    </ClInclude>
    <ClInclude Include="libtcod_cpp_hpp\noise.h">
      <Filter>Resource Files\libtcod</Filter>
    </ClInclude>
    <ClInclude Include="libtcod_cpp_hpp\noise.hpp">
      <Filter>Resource Files\libtcod</Filter>
    </ClInclude>
    <ClInclude Include="libtcod_cpp_hpp\noise_defaults.h">
      <Filter>Resource Files\libtcod</Filter>
    </ClInclude>
    <ClInclude Include="libtcod_cpp_hpp\parser.h">
      <Filter>Resource Files\libtcod</Filter>
    </ClInclude>
    <ClInclude Include="libtcod_cpp_hpp\parser.hpp">
      <Filter>Resource Files\libtcod</Filter>
    </ClInclude>
    <ClInclude Include="libtcod_cpp_hpp\path.h">
      <Filter>Resource Files\libtcod</Filter>
    </ClInclude>
    <ClInclude Include="libtcod_cpp_hpp\path.hpp">
      <Filter>Resource Files\libtcod</Filter>
    </ClInclude>
    <ClInclude Include="libtcod_cpp_hpp\sys.h">
      <Filter>Resource Files\libtcod</Filter>
    </ClInclude>
    <ClInclude Include="libtcod_cpp_hpp\sys.hpp">
      <Filter>Resource Files\libtcod</Filter>
    </ClInclude>
    <ClInclude Include="libtcod_cpp_hpp\tree.h">
      <Filter>Resource Files\libtcod</Filter>
    </ClInclude>
    <ClInclude Include="libtcod_cpp_hpp\tree.hpp">
      <Filter>Resource Files\libtcod</Filter>
    </ClInclude>
    <ClInclude Include="libtcod_cpp_hpp\txtfield.h">
      <Filter>Resource Files\libtcod</Filter>
    </ClInclude>
    <ClInclude Include="libtcod_cpp_hpp\txtfield.hpp">
      <Filter>Resource Files\libtcod</Filter>
    </ClInclude>
    <ClInclude Include="libtcod_cpp_hpp\wrappers.h">
      <Filter>Resource Files\libtcod</Filter>
    </ClInclude>
    <ClInclude Include="libtcod_cpp_hpp\zip.h">
      <Filter>Resource Files\libtcod</Filter>
    </ClInclude>
    <ClInclude Include="libtcod_cpp_hpp\zip.hpp">
      <Filter>Resource Files\libtcod</Filter>
    </ClInclude>
    <ClInclude Include="map.h">
      <Filter>Header Files</Filter>
    </ClInclude>
    <ClInclude Include="build.h">
      <Filter>Header Files</Filter>
    </ClInclude>
    <ClInclude Include="Room.h">
      <Filter>Header Files</Filter>
    </ClInclude>
    <ClInclude Include="input.h">
      <Filter>Header Files</Filter>
    </ClInclude>
    <ClInclude Include="inventory.h">
      <Filter>Header Files</Filter>
    </ClInclude>
    <ClInclude Include="equipment.h">
      <Filter>Header Files</Filter>
    </ClInclude>
    <ClInclude Include="attribute.h">
      <Filter>Header Files</Filter>
    </ClInclude>
    <ClInclude Include="item_effect.h">
      <Filter>Header Files</Filter>
    </ClInclude>
    <ClInclude Include="attribute_container.h">
      <Filter>Header Files</Filter>
    </ClInclude>
    <ClInclude Include="ui.h">
      <Filter>Header Files</Filter>
    </ClInclude>
    <ClInclude Include="combat.h">
      <Filter>Header Files</Filter>
    </ClInclude>
    <ClInclude Include="enemies\troll.h">
      <Filter>Header Files\Enemies</Filter>
    </ClInclude>
    <ClInclude Include="enemies\skeleton.h">
      <Filter>Header Files\Enemies</Filter>
    </ClInclude>
    <ClInclude Include="gamestate.h">
      <Filter>Header Files\Enums</Filter>
    </ClInclude>
    <ClInclude Include="slots_t.h">
      <Filter>Header Files\Enums</Filter>
    </ClInclude>
    <ClInclude Include="actors\actor.h">
      <Filter>Header Files\Actors</Filter>
    </ClInclude>
    <ClInclude Include="actors\Person.h">
      <Filter>Header Files\Actors</Filter>
    </ClInclude>
    <ClInclude Include="debug_options.h">
      <Filter>Header Files</Filter>
    </ClInclude>
  </ItemGroup>
  <ItemGroup>
    <ClCompile Include="stdafx.cpp">
      <Filter>Source Files</Filter>
    </ClCompile>
    <ClCompile Include="FirstCPPApplication.cpp">
      <Filter>Source Files</Filter>
    </ClCompile>
    <ClCompile Include="utils.cpp">
      <Filter>Source Files</Filter>
    </ClCompile>
    <ClCompile Include="game.cpp">
      <Filter>Source Files</Filter>
    </ClCompile>
    <ClCompile Include="thinker.cpp">
      <Filter>Source Files</Filter>
    </ClCompile>
    <ClCompile Include="tile.cpp">
      <Filter>Source Files</Filter>
    </ClCompile>
    <ClCompile Include="map.cpp">
      <Filter>Source Files</Filter>
    </ClCompile>
    <ClCompile Include="build.cpp">
      <Filter>Source Files</Filter>
    </ClCompile>
    <ClCompile Include="Room.cpp">
      <Filter>Source Files</Filter>
    </ClCompile>
    <ClCompile Include="input.cpp">
      <Filter>Source Files</Filter>
    </ClCompile>
    <ClCompile Include="item.cpp">
      <Filter>Source Files</Filter>
    </ClCompile>
    <ClCompile Include="inventory.cpp">
      <Filter>Source Files</Filter>
    </ClCompile>
    <ClCompile Include="equipment.cpp">
      <Filter>Source Files</Filter>
    </ClCompile>
    <ClCompile Include="attribute.cpp">
      <Filter>Source Files</Filter>
    </ClCompile>
    <ClCompile Include="item_effect.cpp">
      <Filter>Source Files</Filter>
    </ClCompile>
    <ClCompile Include="attribute_container.cpp">
      <Filter>Source Files</Filter>
    </ClCompile>
    <ClCompile Include="ui.cpp">
      <Filter>Source Files</Filter>
    </ClCompile>
    <ClCompile Include="combat.cpp">
      <Filter>Source Files</Filter>
    </ClCompile>
    <ClCompile Include="Representation.cpp">
      <Filter>Source Files</Filter>
    </ClCompile>
    <ClCompile Include="enemies\troll.cpp">
      <Filter>Source Files\Enemies</Filter>
    </ClCompile>
    <ClCompile Include="enemies\skeleton.cpp">
      <Filter>Source Files\Enemies</Filter>
    </ClCompile>
    <ClCompile Include="gamestate.cpp">
      <Filter>Source Files</Filter>
    </ClCompile>
    <ClCompile Include="actors\Person.cpp">
      <Filter>Source Files\Actors</Filter>
    </ClCompile>
    <ClCompile Include="actors\actor.cpp">
      <Filter>Source Files\Actors</Filter>
    </ClCompile>
  </ItemGroup>
</Project>